
Microsoft Visual Studio Solution File, Format Version 12.00
# Visual Studio Version 16
VisualStudioVersion = 16.0.31112.23
MinimumVisualStudioVersion = 10.0.40219.1
Project("{FAE04EC0-301F-11D3-BF4B-00C04F79EFBC}") = "WebSocketTestConsole", "WebSocketTestConsole\WebSocketTestConsole.csproj", "{8839881F-24ED-4FF2-9790-5630277BBDD7}"
EndProject
Global
	GlobalSection(SolutionConfigurationPlatforms) = preSolution
		Debug|Any CPU = Debug|Any CPU
		Release|Any CPU = Release|Any CPU
	EndGlobalSection
	GlobalSection(ProjectConfigurationPlatforms) = postSolution
		{8839881F-24ED-4FF2-9790-5630277BBDD7}.Debug|Any CPU.ActiveCfg = Debug|Any CPU
		{8839881F-24ED-4FF2-9790-5630277BBDD7}.Debug|Any CPU.Build.0 = Debug|Any CPU
		{8839881F-24ED-4FF2-9790-5630277BBDD7}.Release|Any CPU.ActiveCfg = Release|Any CPU
		{8839881F-24ED-4FF2-9790-5630277BBDD7}.Release|Any CPU.Build.0 = Release|Any CPU
	EndGlobalSection
	GlobalSection(SolutionProperties) = preSolution
		HideSolutionNode = FALSE
	EndGlobalSection
	GlobalSection(ExtensibilityGlobals) = postSolution
		SolutionGuid = {69F46576-8088-4FA5-AF30-63B3D92C0FFA}
	EndGlobalSection
EndGlobal
